// !$*UTF8*$!
{
	archiveVersion = 1;
	classes = {
	};
	objectVersion = 48;
	objects = {

/* Begin PBXBuildFile section */
		1212D1602022B74900B93993 /* AppDelegate.swift in Sources */ = {isa = PBXBuildFile; fileRef = 1212D15F2022B74900B93993 /* AppDelegate.swift */; };
		1212D1622022B74900B93993 /* ViewController.swift in Sources */ = {isa = PBXBuildFile; fileRef = 1212D1612022B74900B93993 /* ViewController.swift */; };
		1212D1652022B74900B93993 /* Main.storyboard in Resources */ = {isa = PBXBuildFile; fileRef = 1212D1632022B74900B93993 /* Main.storyboard */; };
		1212D1672022B74900B93993 /* Assets.xcassets in Resources */ = {isa = PBXBuildFile; fileRef = 1212D1662022B74900B93993 /* Assets.xcassets */; };
		1212D16A2022B74900B93993 /* LaunchScreen.storyboard in Resources */ = {isa = PBXBuildFile; fileRef = 1212D1682022B74900B93993 /* LaunchScreen.storyboard */; };
		122679782028BEA3006DEC1A /* MapKit.framework in Frameworks */ = {isa = PBXBuildFile; fileRef = 122679772028BEA3006DEC1A /* MapKit.framework */; };
		12A31CEB2028B55300903F90 /* CoreLocation.framework in Frameworks */ = {isa = PBXBuildFile; fileRef = 12A31CEA2028B55300903F90 /* CoreLocation.framework */; };
		12B8CC092026369B00FE7097 /* MapViewController.swift in Sources */ = {isa = PBXBuildFile; fileRef = 12B8CC082026369B00FE7097 /* MapViewController.swift */; };
/* End PBXBuildFile section */

/* Begin PBXFileReference section */
		1212D15C2022B74900B93993 /* HotCold.app */ = {isa = PBXFileReference; explicitFileType = wrapper.application; includeInIndex = 0; path = HotCold.app; sourceTree = BUILT_PRODUCTS_DIR; };
		1212D15F2022B74900B93993 /* AppDelegate.swift */ = {isa = PBXFileReference; lastKnownFileType = sourcecode.swift; path = AppDelegate.swift; sourceTree = "<group>"; };
		1212D1612022B74900B93993 /* ViewController.swift */ = {isa = PBXFileReference; lastKnownFileType = sourcecode.swift; path = ViewController.swift; sourceTree = "<group>"; };
		1212D1642022B74900B93993 /* Base */ = {isa = PBXFileReference; lastKnownFileType = file.storyboard; name = Base; path = Base.lproj/Main.storyboard; sourceTree = "<group>"; };
		1212D1662022B74900B93993 /* Assets.xcassets */ = {isa = PBXFileReference; lastKnownFileType = folder.assetcatalog; path = Assets.xcassets; sourceTree = "<group>"; };
		1212D1692022B74900B93993 /* Base */ = {isa = PBXFileReference; lastKnownFileType = file.storyboard; name = Base; path = Base.lproj/LaunchScreen.storyboard; sourceTree = "<group>"; };
		1212D16B2022B74900B93993 /* Info.plist */ = {isa = PBXFileReference; lastKnownFileType = text.plist.xml; path = Info.plist; sourceTree = "<group>"; };
		122679772028BEA3006DEC1A /* MapKit.framework */ = {isa = PBXFileReference; lastKnownFileType = wrapper.framework; name = MapKit.framework; path = System/Library/Frameworks/MapKit.framework; sourceTree = SDKROOT; };
		12A31CEA2028B55300903F90 /* CoreLocation.framework */ = {isa = PBXFileReference; lastKnownFileType = wrapper.framework; name = CoreLocation.framework; path = System/Library/Frameworks/CoreLocation.framework; sourceTree = SDKROOT; };
		12B8CC082026369B00FE7097 /* MapViewController.swift */ = {isa = PBXFileReference; lastKnownFileType = sourcecode.swift; path = MapViewController.swift; sourceTree = "<group>"; };
/* End PBXFileReference section */

/* Begin PBXFrameworksBuildPhase section */
		1212D1592022B74900B93993 /* Frameworks */ = {
			isa = PBXFrameworksBuildPhase;
			buildActionMask = 2147483647;
			files = (
				122679782028BEA3006DEC1A /* MapKit.framework in Frameworks */,
				12A31CEB2028B55300903F90 /* CoreLocation.framework in Frameworks */,
			);
			runOnlyForDeploymentPostprocessing = 0;
		};
/* End PBXFrameworksBuildPhase section */

/* Begin PBXGroup section */
		1212D1532022B74900B93993 = {
			isa = PBXGroup;
			children = (
				1212D15E2022B74900B93993 /* HotCold */,
				1212D15D2022B74900B93993 /* Products */,
				12A31CE92028B55200903F90 /* Frameworks */,
			);
			sourceTree = "<group>";
		};
		1212D15D2022B74900B93993 /* Products */ = {
			isa = PBXGroup;
			children = (
				1212D15C2022B74900B93993 /* HotCold.app */,
			);
			name = Products;
			sourceTree = "<group>";
		};
		1212D15E2022B74900B93993 /* HotCold */ = {
			isa = PBXGroup;
			children = (
				1212D15F2022B74900B93993 /* AppDelegate.swift */,
				1212D1612022B74900B93993 /* ViewController.swift */,
				1212D1632022B74900B93993 /* Main.storyboard */,
				1212D1682022B74900B93993 /* LaunchScreen.storyboard */,
				1212D1662022B74900B93993 /* Assets.xcassets */,
				1212D16B2022B74900B93993 /* Info.plist */,
				12B8CC082026369B00FE7097 /* MapViewController.swift */,
			);
			path = HotCold;
			sourceTree = "<group>";
		};
		12A31CE92028B55200903F90 /* Frameworks */ = {
			isa = PBXGroup;
			children = (
				122679772028BEA3006DEC1A /* MapKit.framework */,
				12A31CEA2028B55300903F90 /* CoreLocation.framework */,
			);
			name = Frameworks;
			sourceTree = "<group>";
		};
/* End PBXGroup section */

/* Begin PBXNativeTarget section */
		1212D15B2022B74900B93993 /* HotCold */ = {
			isa = PBXNativeTarget;
			buildConfigurationList = 1212D16E2022B74900B93993 /* Build configuration list for PBXNativeTarget "HotCold" */;
			buildPhases = (
				1212D1582022B74900B93993 /* Sources */,
				1212D1592022B74900B93993 /* Frameworks */,
				1212D15A2022B74900B93993 /* Resources */,
			);
			buildRules = (
			);
			dependencies = (
			);
			name = HotCold;
			productName = HotCold;
			productReference = 1212D15C2022B74900B93993 /* HotCold.app */;
			productType = "com.apple.product-type.application";
		};
/* End PBXNativeTarget section */

/* Begin PBXProject section */
		1212D1542022B74900B93993 /* Project object */ = {
			isa = PBXProject;
			attributes = {
				LastSwiftUpdateCheck = 0920;
				LastUpgradeCheck = 0920;
				ORGANIZATIONNAME = "Maryville App Development";
				TargetAttributes = {
					1212D15B2022B74900B93993 = {
						CreatedOnToolsVersion = 9.2;
						ProvisioningStyle = Automatic;
						SystemCapabilities = {
							com.apple.BackgroundModes = {
								enabled = 1;
							};
							com.apple.Maps.iOS = {
								enabled = 1;
							};
						};
					};
				};
			};
			buildConfigurationList = 1212D1572022B74900B93993 /* Build configuration list for PBXProject "HotCold" */;
			compatibilityVersion = "Xcode 8.0";
			developmentRegion = en;
			hasScannedForEncodings = 0;
			knownRegions = (
				en,
				Base,
			);
			mainGroup = 1212D1532022B74900B93993;
			productRefGroup = 1212D15D2022B74900B93993 /* Products */;
			projectDirPath = "";
			projectRoot = "";
			targets = (
				1212D15B2022B74900B93993 /* HotCold */,
			);
		};
/* End PBXProject section */

/* Begin PBXResourcesBuildPhase section */
		1212D15A2022B74900B93993 /* Resources */ = {
			isa = PBXResourcesBuildPhase;
			buildActionMask = 2147483647;
			files = (
				1212D16A2022B74900B93993 /* LaunchScreen.storyboard in Resources */,
				1212D1672022B74900B93993 /* Assets.xcassets in Resources */,
				1212D1652022B74900B93993 /* Main.storyboard in Resources */,
			);
			runOnlyForDeploymentPostprocessing = 0;
		};
/* End PBXResourcesBuildPhase section */

/* Begin PBXSourcesBuildPhase section */
		1212D1582022B74900B93993 /* Sources */ = {
			isa = PBXSourcesBuildPhase;
			buildActionMask = 2147483647;
			files = (
				1212D1622022B74900B93993 /* ViewController.swift in Sources */,
				12B8CC092026369B00FE7097 /* MapViewController.swift in Sources */,
				1212D1602022B74900B93993 /* AppDelegate.swift in Sources */,
			);
			runOnlyForDeploymentPostprocessing = 0;
		};
/* End PBXSourcesBuildPhase section */

/* Begin PBXVariantGroup section */
		1212D1632022B74900B93993 /* Main.storyboard */ = {
			isa = PBXVariantGroup;
			children = (
				1212D1642022B74900B93993 /* Base */,
			);
			name = Main.storyboard;
			sourceTree = "<group>";
		};
		1212D1682022B74900B93993 /* LaunchScreen.storyboard */ = {
			isa = PBXVariantGroup;
			children = (
				1212D1692022B74900B93993 /* Base */,
			);
			name = LaunchScreen.storyboard;
			sourceTree = "<group>";
		};
/* End PBXVariantGroup section */

/* Begin XCBuildConfiguration section */
		1212D16C2022B74900B93993 /* Debug */ = {
			isa = XCBuildConfiguration;
			buildSettings = {
				ALWAYS_SEARCH_USER_PATHS = NO;
				CLANG_ANALYZER_NONNULL = YES;
				CLANG_ANALYZER_NUMBER_OBJECT_CONVERSION = YES_AGGRESSIVE;
				CLANG_CXX_LANGUAGE_STANDARD = "gnu++14";
				CLANG_CXX_LIBRARY = "libc++";
				CLANG_ENABLE_MODULES = YES;
				CLANG_ENABLE_OBJC_ARC = YES;
				CLANG_WARN_BLOCK_CAPTURE_AUTORELEASING = YES;
				CLANG_WARN_BOOL_CONVERSION = YES;
				CLANG_WARN_COMMA = YES;
				CLANG_WARN_CONSTANT_CONVERSION = YES;
				CLANG_WARN_DIRECT_OBJC_ISA_USAGE = YES_ERROR;
				CLANG_WARN_DOCUMENTATION_COMMENTS = YES;
				CLANG_WARN_EMPTY_BODY = YES;
				CLANG_WARN_ENUM_CONVERSION = YES;
				CLANG_WARN_INFINITE_RECURSION = YES;
				CLANG_WARN_INT_CONVERSION = YES;
				CLANG_WARN_NON_LITERAL_NULL_CONVERSION = YES;
				CLANG_WARN_OBJC_LITERAL_CONVERSION = YES;
				CLANG_WARN_OBJC_ROOT_CLASS = YES_ERROR;
				CLANG_WARN_RANGE_LOOP_ANALYSIS = YES;
				CLANG_WARN_STRICT_PROTOTYPES = YES;
				CLANG_WARN_SUSPICIOUS_MOVE = YES;
				CLANG_WARN_UNGUARDED_AVAILABILITY = YES_AGGRESSIVE;
				CLANG_WARN_UNREACHABLE_CODE = YES;
				CLANG_WARN__DUPLICATE_METHOD_MATCH = YES;
				CODE_SIGN_IDENTITY = "iPhone Developer";
				COPY_PHASE_STRIP = NO;
				DEBUG_INFORMATION_FORMAT = dwarf;
				ENABLE_STRICT_OBJC_MSGSEND = YES;
				ENABLE_TESTABILITY = YES;
				GCC_C_LANGUAGE_STANDARD = gnu11;
				GCC_DYNAMIC_NO_PIC = NO;
				GCC_NO_COMMON_BLOCKS = YES;
				GCC_OPTIMIZATION_LEVEL = 0;
				GCC_PREPROCESSOR_DEFINITIONS = (
					"DEBUG=1",
					"$(inherited)",
				);
				GCC_WARN_64_TO_32_BIT_CONVERSION = YES;
				GCC_WARN_ABOUT_RETURN_TYPE = YES_ERROR;
				GCC_WARN_UNDECLARED_SELECTOR = YES;
				GCC_WARN_UNINITIALIZED_AUTOS = YES_AGGRESSIVE;
				GCC_WARN_UNUSED_FUNCTION = YES;
				GCC_WARN_UNUSED_VARIABLE = YES;
				IPHONEOS_DEPLOYMENT_TARGET = 11.2;
				MTL_ENABLE_DEBUG_INFO = YES;
				ONLY_ACTIVE_ARCH = YES;
				SDKROOT = iphoneos;
				SWIFT_ACTIVE_COMPILATION_CONDITIONS = DEBUG;
				SWIFT_OPTIMIZATION_LEVEL = "-Onone";
			};
			name = Debug;
		};
		1212D16D2022B74900B93993 /* Release */ = {
			isa = XCBuildConfiguration;
			buildSettings = {
				ALWAYS_SEARCH_USER_PATHS = NO;
				CLANG_ANALYZER_NONNULL = YES;
				CLANG_ANALYZER_NUMBER_OBJECT_CONVERSION = YES_AGGRESSIVE;
				CLANG_CXX_LANGUAGE_STANDARD = "gnu++14";
				CLANG_CXX_LIBRARY = "libc++";
				CLANG_ENABLE_MODULES = YES;
				CLANG_ENABLE_OBJC_ARC = YES;
				CLANG_WARN_BLOCK_CAPTURE_AUTORELEASING = YES;
				CLANG_WARN_BOOL_CONVERSION = YES;
				CLANG_WARN_COMMA = YES;
				CLANG_WARN_CONSTANT_CONVERSION = YES;
				CLANG_WARN_DIRECT_OBJC_ISA_USAGE = YES_ERROR;
				CLANG_WARN_DOCUMENTATION_COMMENTS = YES;
				CLANG_WARN_EMPTY_BODY = YES;
				CLANG_WARN_ENUM_CONVERSION = YES;
				CLANG_WARN_INFINITE_RECURSION = YES;
				CLANG_WARN_INT_CONVERSION = YES;
				CLANG_WARN_NON_LITERAL_NULL_CONVERSION = YES;
				CLANG_WARN_OBJC_LITERAL_CONVERSION = YES;
				CLANG_WARN_OBJC_ROOT_CLASS = YES_ERROR;
				CLANG_WARN_RANGE_LOOP_ANALYSIS = YES;
				CLANG_WARN_STRICT_PROTOTYPES = YES;
				CLANG_WARN_SUSPICIOUS_MOVE = YES;
				CLANG_WARN_UNGUARDED_AVAILABILITY = YES_AGGRESSIVE;
				CLANG_WARN_UNREACHABLE_CODE = YES;
				CLANG_WARN__DUPLICATE_METHOD_MATCH = YES;
				CODE_SIGN_IDENTITY = "iPhone Developer";
				COPY_PHASE_STRIP = NO;
				DEBUG_INFORMATION_FORMAT = "dwarf-with-dsym";
				ENABLE_NS_ASSERTIONS = NO;
				ENABLE_STRICT_OBJC_MSGSEND = YES;
				GCC_C_LANGUAGE_STANDARD = gnu11;
				GCC_NO_COMMON_BLOCKS = YES;
				GCC_WARN_64_TO_32_BIT_CONVERSION = YES;
				GCC_WARN_ABOUT_RETURN_TYPE = YES_ERROR;
				GCC_WARN_UNDECLARED_SELECTOR = YES;
				GCC_WARN_UNINITIALIZED_AUTOS = YES_AGGRESSIVE;
				GCC_WARN_UNUSED_FUNCTION = YES;
				GCC_WARN_UNUSED_VARIABLE = YES;
				IPHONEOS_DEPLOYMENT_TARGET = 11.2;
				MTL_ENABLE_DEBUG_INFO = NO;
				SDKROOT = iphoneos;
				SWIFT_OPTIMIZATION_LEVEL = "-Owholemodule";
				VALIDATE_PRODUCT = YES;
			};
			name = Release;
		};
		1212D16F2022B74900B93993 /* Debug */ = {
			isa = XCBuildConfiguration;
			buildSettings = {
				ASSETCATALOG_COMPILER_APPICON_NAME = AppIcon;
				CODE_SIGN_STYLE = Automatic;
				INFOPLIST_FILE = HotCold/Info.plist;
				IPHONEOS_DEPLOYMENT_TARGET = 11.1;
				LD_RUNPATH_SEARCH_PATHS = "$(inherited) @executable_path/Frameworks";
				PRODUCT_BUNDLE_IDENTIFIER = edu.maryville.swdv.fl17.HotCold;
				PRODUCT_NAME = "$(TARGET_NAME)";
				SWIFT_VERSION = 4.0;
				TARGETED_DEVICE_FAMILY = "1,2";
			};
			name = Debug;
		};
		1212D1702022B74900B93993 /* Release */ = {
			isa = XCBuildConfiguration;
			buildSettings = {
				ASSETCATALOG_COMPILER_APPICON_NAME = AppIcon;
				CODE_SIGN_STYLE = Automatic;
				INFOPLIST_FILE = HotCold/Info.plist;
				IPHONEOS_DEPLOYMENT_TARGET = 11.1;
				LD_RUNPATH_SEARCH_PATHS = "$(inherited) @executable_path/Frameworks";
				PRODUCT_BUNDLE_IDENTIFIER = edu.maryville.swdv.fl17.HotCold;
				PRODUCT_NAME = "$(TARGET_NAME)";
				SWIFT_VERSION = 4.0;
				TARGETED_DEVICE_FAMILY = "1,2";
			};
			name = Release;
		};
/* End XCBuildConfiguration section */

/* Begin XCConfigurationList section */
		1212D1572022B74900B93993 /* Build configuration list for PBXProject "HotCold" */ = {
			isa = XCConfigurationList;
			buildConfigurations = (
				1212D16C2022B74900B93993 /* Debug */,
				1212D16D2022B74900B93993 /* Release */,
			);
			defaultConfigurationIsVisible = 0;
			defaultConfigurationName = Release;
		};
		1212D16E2022B74900B93993 /* Build configuration list for PBXNativeTarget "HotCold" */ = {
			isa = XCConfigurationList;
			buildConfigurations = (
				1212D16F2022B74900B93993 /* Debug */,
				1212D1702022B74900B93993 /* Release */,
			);
			defaultConfigurationIsVisible = 0;
			defaultConfigurationName = Release;
		};
/* End XCConfigurationList section */
	};
	rootObject = 1212D1542022B74900B93993 /* Project object */;
}
